// !$*UTF8*$!
{
	archiveVersion = 1;
	classes = {
	};
	objectVersion = 46;
	objects = {

/* Begin PBXBuildFile section */
		5C3C72B017F344A300BDA128 /* Foundation.framework in Frameworks */ = {isa = PBXBuildFile; fileRef = 5C3C72AF17F344A300BDA128 /* Foundation.framework */; };
		5C3C72B217F344A300BDA128 /* CoreGraphics.framework in Frameworks */ = {isa = PBXBuildFile; fileRef = 5C3C72B117F344A300BDA128 /* CoreGraphics.framework */; };
		5C3C72B417F344A300BDA128 /* UIKit.framework in Frameworks */ = {isa = PBXBuildFile; fileRef = 5C3C72B317F344A300BDA128 /* UIKit.framework */; };
		5C3C72BA17F344A300BDA128 /* InfoPlist.strings in Resources */ = {isa = PBXBuildFile; fileRef = 5C3C72B817F344A300BDA128 /* InfoPlist.strings */; };
		5C3C72BC17F344A300BDA128 /* main.m in Sources */ = {isa = PBXBuildFile; fileRef = 5C3C72BB17F344A300BDA128 /* main.m */; };
		5C3C72C017F344A300BDA128 /* SHAppDelegate.m in Sources */ = {isa = PBXBuildFile; fileRef = 5C3C72BF17F344A300BDA128 /* SHAppDelegate.m */; };
		5C3C72C217F344A300BDA128 /* Images.xcassets in Resources */ = {isa = PBXBuildFile; fileRef = 5C3C72C117F344A300BDA128 /* Images.xcassets */; };
		5C3C72C917F344A300BDA128 /* XCTest.framework in Frameworks */ = {isa = PBXBuildFile; fileRef = 5C3C72C817F344A300BDA128 /* XCTest.framework */; };
		5C3C72CA17F344A300BDA128 /* Foundation.framework in Frameworks */ = {isa = PBXBuildFile; fileRef = 5C3C72AF17F344A300BDA128 /* Foundation.framework */; };
		5C3C72CB17F344A300BDA128 /* UIKit.framework in Frameworks */ = {isa = PBXBuildFile; fileRef = 5C3C72B317F344A300BDA128 /* UIKit.framework */; };
		5C3C72D317F344A300BDA128 /* InfoPlist.strings in Resources */ = {isa = PBXBuildFile; fileRef = 5C3C72D117F344A300BDA128 /* InfoPlist.strings */; };
		5C3C72D517F344A300BDA128 /* StatusBarTestTests.m in Sources */ = {isa = PBXBuildFile; fileRef = 5C3C72D417F344A300BDA128 /* StatusBarTestTests.m */; };
		5C3C72E017F344D800BDA128 /* SHStatusBarViewController.m in Sources */ = {isa = PBXBuildFile; fileRef = 5C3C72DF17F344D800BDA128 /* SHStatusBarViewController.m */; };
/* End PBXBuildFile section */

/* Begin PBXContainerItemProxy section */
		5C3C72CC17F344A300BDA128 /* PBXContainerItemProxy */ = {
			isa = PBXContainerItemProxy;
			containerPortal = 5C3C72A417F344A300BDA128 /* Project object */;
			proxyType = 1;
			remoteGlobalIDString = 5C3C72AB17F344A300BDA128;
			remoteInfo = StatusBarTest;
		};
/* End PBXContainerItemProxy section */

/* Begin PBXFileReference section */
		5C3C72AC17F344A300BDA128 /* StatusBarTest.app */ = {isa = PBXFileReference; explicitFileType = wrapper.application; includeInIndex = 0; path = StatusBarTest.app; sourceTree = BUILT_PRODUCTS_DIR; };
		5C3C72AF17F344A300BDA128 /* Foundation.framework */ = {isa = PBXFileReference; lastKnownFileType = wrapper.framework; name = Foundation.framework; path = System/Library/Frameworks/Foundation.framework; sourceTree = SDKROOT; };
		5C3C72B117F344A300BDA128 /* CoreGraphics.framework */ = {isa = PBXFileReference; lastKnownFileType = wrapper.framework; name = CoreGraphics.framework; path = System/Library/Frameworks/CoreGraphics.framework; sourceTree = SDKROOT; };
		5C3C72B317F344A300BDA128 /* UIKit.framework */ = {isa = PBXFileReference; lastKnownFileType = wrapper.framework; name = UIKit.framework; path = System/Library/Frameworks/UIKit.framework; sourceTree = SDKROOT; };
		5C3C72B717F344A300BDA128 /* StatusBarTest-Info.plist */ = {isa = PBXFileReference; lastKnownFileType = text.plist.xml; path = "StatusBarTest-Info.plist"; sourceTree = "<group>"; };
		5C3C72B917F344A300BDA128 /* en */ = {isa = PBXFileReference; lastKnownFileType = text.plist.strings; name = en; path = en.lproj/InfoPlist.strings; sourceTree = "<group>"; };
		5C3C72BB17F344A300BDA128 /* main.m */ = {isa = PBXFileReference; lastKnownFileType = sourcecode.c.objc; path = main.m; sourceTree = "<group>"; };
		5C3C72BD17F344A300BDA128 /* StatusBarTest-Prefix.pch */ = {isa = PBXFileReference; lastKnownFileType = sourcecode.c.h; path = "StatusBarTest-Prefix.pch"; sourceTree = "<group>"; };
		5C3C72BE17F344A300BDA128 /* SHAppDelegate.h */ = {isa = PBXFileReference; lastKnownFileType = sourcecode.c.h; path = SHAppDelegate.h; sourceTree = "<group>"; };
		5C3C72BF17F344A300BDA128 /* SHAppDelegate.m */ = {isa = PBXFileReference; lastKnownFileType = sourcecode.c.objc; path = SHAppDelegate.m; sourceTree = "<group>"; };
		5C3C72C117F344A300BDA128 /* Images.xcassets */ = {isa = PBXFileReference; lastKnownFileType = folder.assetcatalog; path = Images.xcassets; sourceTree = "<group>"; };
		5C3C72C717F344A300BDA128 /* StatusBarTestTests.xctest */ = {isa = PBXFileReference; explicitFileType = wrapper.cfbundle; includeInIndex = 0; path = StatusBarTestTests.xctest; sourceTree = BUILT_PRODUCTS_DIR; };
		5C3C72C817F344A300BDA128 /* XCTest.framework */ = {isa = PBXFileReference; lastKnownFileType = wrapper.framework; name = XCTest.framework; path = Library/Frameworks/XCTest.framework; sourceTree = DEVELOPER_DIR; };
		5C3C72D017F344A300BDA128 /* StatusBarTestTests-Info.plist */ = {isa = PBXFileReference; lastKnownFileType = text.plist.xml; path = "StatusBarTestTests-Info.plist"; sourceTree = "<group>"; };
		5C3C72D217F344A300BDA128 /* en */ = {isa = PBXFileReference; lastKnownFileType = text.plist.strings; name = en; path = en.lproj/InfoPlist.strings; sourceTree = "<group>"; };
		5C3C72D417F344A300BDA128 /* StatusBarTestTests.m */ = {isa = PBXFileReference; lastKnownFileType = sourcecode.c.objc; path = StatusBarTestTests.m; sourceTree = "<group>"; };
		5C3C72DE17F344D800BDA128 /* SHStatusBarViewController.h */ = {isa = PBXFileReference; fileEncoding = 4; lastKnownFileType = sourcecode.c.h; path = SHStatusBarViewController.h; sourceTree = "<group>"; };
		5C3C72DF17F344D800BDA128 /* SHStatusBarViewController.m */ = {isa = PBXFileReference; fileEncoding = 4; lastKnownFileType = sourcecode.c.objc; path = SHStatusBarViewController.m; sourceTree = "<group>"; };
/* End PBXFileReference section */

/* Begin PBXFrameworksBuildPhase section */
		5C3C72A917F344A300BDA128 /* Frameworks */ = {
			isa = PBXFrameworksBuildPhase;
			buildActionMask = 2147483647;
			files = (
				5C3C72B217F344A300BDA128 /* CoreGraphics.framework in Frameworks */,
				5C3C72B417F344A300BDA128 /* UIKit.framework in Frameworks */,
				5C3C72B017F344A300BDA128 /* Foundation.framework in Frameworks */,
			);
			runOnlyForDeploymentPostprocessing = 0;
		};
		5C3C72C417F344A300BDA128 /* Frameworks */ = {
			isa = PBXFrameworksBuildPhase;
			buildActionMask = 2147483647;
			files = (
				5C3C72C917F344A300BDA128 /* XCTest.framework in Frameworks */,
				5C3C72CB17F344A300BDA128 /* UIKit.framework in Frameworks */,
				5C3C72CA17F344A300BDA128 /* Foundation.framework in Frameworks */,
			);
			runOnlyForDeploymentPostprocessing = 0;
		};
/* End PBXFrameworksBuildPhase section */

/* Begin PBXGroup section */
		5C3C72A317F344A300BDA128 = {
			isa = PBXGroup;
			children = (
				5C3C72B517F344A300BDA128 /* StatusBarTest */,
				5C3C72CE17F344A300BDA128 /* StatusBarTestTests */,
				5C3C72AE17F344A300BDA128 /* Frameworks */,
				5C3C72AD17F344A300BDA128 /* Products */,
			);
			sourceTree = "<group>";
		};
		5C3C72AD17F344A300BDA128 /* Products */ = {
			isa = PBXGroup;
			children = (
				5C3C72AC17F344A300BDA128 /* StatusBarTest.app */,
				5C3C72C717F344A300BDA128 /* StatusBarTestTests.xctest */,
			);
			name = Products;
			sourceTree = "<group>";
		};
		5C3C72AE17F344A300BDA128 /* Frameworks */ = {
			isa = PBXGroup;
			children = (
				5C3C72AF17F344A300BDA128 /* Foundation.framework */,
				5C3C72B117F344A300BDA128 /* CoreGraphics.framework */,
				5C3C72B317F344A300BDA128 /* UIKit.framework */,
				5C3C72C817F344A300BDA128 /* XCTest.framework */,
			);
			name = Frameworks;
			sourceTree = "<group>";
		};
		5C3C72B517F344A300BDA128 /* StatusBarTest */ = {
			isa = PBXGroup;
			children = (
				5C3C72BE17F344A300BDA128 /* SHAppDelegate.h */,
				5C3C72BF17F344A300BDA128 /* SHAppDelegate.m */,
				5C3C72C117F344A300BDA128 /* Images.xcassets */,
				5C3C72B617F344A300BDA128 /* Supporting Files */,
				5C3C72DE17F344D800BDA128 /* SHStatusBarViewController.h */,
				5C3C72DF17F344D800BDA128 /* SHStatusBarViewController.m */,
			);
			path = StatusBarTest;
			sourceTree = "<group>";
		};
		5C3C72B617F344A300BDA128 /* Supporting Files */ = {
			isa = PBXGroup;
			children = (
				5C3C72B717F344A300BDA128 /* StatusBarTest-Info.plist */,
				5C3C72B817F344A300BDA128 /* InfoPlist.strings */,
				5C3C72BB17F344A300BDA128 /* main.m */,
				5C3C72BD17F344A300BDA128 /* StatusBarTest-Prefix.pch */,
			);
			name = "Supporting Files";
			sourceTree = "<group>";
		};
		5C3C72CE17F344A300BDA128 /* StatusBarTestTests */ = {
			isa = PBXGroup;
			children = (
				5C3C72D417F344A300BDA128 /* StatusBarTestTests.m */,
				5C3C72CF17F344A300BDA128 /* Supporting Files */,
			);
			path = StatusBarTestTests;
			sourceTree = "<group>";
		};
		5C3C72CF17F344A300BDA128 /* Supporting Files */ = {
			isa = PBXGroup;
			children = (
				5C3C72D017F344A300BDA128 /* StatusBarTestTests-Info.plist */,
				5C3C72D117F344A300BDA128 /* InfoPlist.strings */,
			);
			name = "Supporting Files";
			sourceTree = "<group>";
		};
/* End PBXGroup section */

/* Begin PBXNativeTarget section */
		5C3C72AB17F344A300BDA128 /* StatusBarTest */ = {
			isa = PBXNativeTarget;
			buildConfigurationList = 5C3C72D817F344A300BDA128 /* Build configuration list for PBXNativeTarget "StatusBarTest" */;
			buildPhases = (
				5C3C72A817F344A300BDA128 /* Sources */,
				5C3C72A917F344A300BDA128 /* Frameworks */,
				5C3C72AA17F344A300BDA128 /* Resources */,
			);
			buildRules = (
			);
			dependencies = (
			);
			name = StatusBarTest;
			productName = StatusBarTest;
			productReference = 5C3C72AC17F344A300BDA128 /* StatusBarTest.app */;
			productType = "com.apple.product-type.application";
		};
		5C3C72C617F344A300BDA128 /* StatusBarTestTests */ = {
			isa = PBXNativeTarget;
			buildConfigurationList = 5C3C72DB17F344A300BDA128 /* Build configuration list for PBXNativeTarget "StatusBarTestTests" */;
			buildPhases = (
				5C3C72C317F344A300BDA128 /* Sources */,
				5C3C72C417F344A300BDA128 /* Frameworks */,
				5C3C72C517F344A300BDA128 /* Resources */,
			);
			buildRules = (
			);
			dependencies = (
				5C3C72CD17F344A300BDA128 /* PBXTargetDependency */,
			);
			name = StatusBarTestTests;
			productName = StatusBarTestTests;
			productReference = 5C3C72C717F344A300BDA128 /* StatusBarTestTests.xctest */;
			productType = "com.apple.product-type.bundle.unit-test";
		};
/* End PBXNativeTarget section */

/* Begin PBXProject section */
		5C3C72A417F344A300BDA128 /* Project object */ = {
			isa = PBXProject;
			attributes = {
				CLASSPREFIX = SH;
				LastUpgradeCheck = 0500;
				ORGANIZATIONNAME = "Simon Holroyd";
				TargetAttributes = {
					5C3C72C617F344A300BDA128 = {
						TestTargetID = 5C3C72AB17F344A300BDA128 /* StatusBarTest */;
					};
				};
			};
			buildConfigurationList = 5C3C72A717F344A300BDA128 /* Build configuration list for PBXProject "StatusBarTest" */;
			compatibilityVersion = "Xcode 3.2";
			developmentRegion = English;
			hasScannedForEncodings = 0;
			knownRegions = (
				en,
			);
			mainGroup = 5C3C72A317F344A300BDA128;
			productRefGroup = 5C3C72AD17F344A300BDA128 /* Products */;
			projectDirPath = "";
			projectRoot = "";
			targets = (
				5C3C72AB17F344A300BDA128 /* StatusBarTest */,
				5C3C72C617F344A300BDA128 /* StatusBarTestTests */,
			);
		};
/* End PBXProject section */

/* Begin PBXResourcesBuildPhase section */
		5C3C72AA17F344A300BDA128 /* Resources */ = {
			isa = PBXResourcesBuildPhase;
			buildActionMask = 2147483647;
			files = (
				5C3C72BA17F344A300BDA128 /* InfoPlist.strings in Resources */,
				5C3C72C217F344A300BDA128 /* Images.xcassets in Resources */,
			);
			runOnlyForDeploymentPostprocessing = 0;
		};
		5C3C72C517F344A300BDA128 /* Resources */ = {
			isa = PBXResourcesBuildPhase;
			buildActionMask = 2147483647;
			files = (
				5C3C72D317F344A300BDA128 /* InfoPlist.strings in Resources */,
			);
			runOnlyForDeploymentPostprocessing = 0;
		};
/* End PBXResourcesBuildPhase section */

/* Begin PBXSourcesBuildPhase section */
		5C3C72A817F344A300BDA128 /* Sources */ = {
			isa = PBXSourcesBuildPhase;
			buildActionMask = 2147483647;
			files = (
				5C3C72BC17F344A300BDA128 /* main.m in Sources */,
				5C3C72C017F344A300BDA128 /* SHAppDelegate.m in Sources */,
				5C3C72E017F344D800BDA128 /* SHStatusBarViewController.m in Sources */,
			);
			runOnlyForDeploymentPostprocessing = 0;
		};
		5C3C72C317F344A300BDA128 /* Sources */ = {
			isa = PBXSourcesBuildPhase;
			buildActionMask = 2147483647;
			files = (
				5C3C72D517F344A300BDA128 /* StatusBarTestTests.m in Sources */,
			);
			runOnlyForDeploymentPostprocessing = 0;
		};
/* End PBXSourcesBuildPhase section */

/* Begin PBXTargetDependency section */
		5C3C72CD17F344A300BDA128 /* PBXTargetDependency */ = {
			isa = PBXTargetDependency;
			target = 5C3C72AB17F344A300BDA128 /* StatusBarTest */;
			targetProxy = 5C3C72CC17F344A300BDA128 /* PBXContainerItemProxy */;
		};
/* End PBXTargetDependency section */

/* Begin PBXVariantGroup section */
		5C3C72B817F344A300BDA128 /* InfoPlist.strings */ = {
			isa = PBXVariantGroup;
			children = (
				5C3C72B917F344A300BDA128 /* en */,
			);
			name = InfoPlist.strings;
			sourceTree = "<group>";
		};
		5C3C72D117F344A300BDA128 /* InfoPlist.strings */ = {
			isa = PBXVariantGroup;
			children = (
				5C3C72D217F344A300BDA128 /* en */,
			);
			name = InfoPlist.strings;
			sourceTree = "<group>";
		};
/* End PBXVariantGroup section */

/* Begin XCBuildConfiguration section */
		5C3C72D617F344A300BDA128 /* Debug */ = {
			isa = XCBuildConfiguration;
			buildSettings = {
				ALWAYS_SEARCH_USER_PATHS = NO;
				ARCHS = "$(ARCHS_STANDARD_INCLUDING_64_BIT)";
				CLANG_CXX_LANGUAGE_STANDARD = "gnu++0x";
				CLANG_CXX_LIBRARY = "libc++";
				CLANG_ENABLE_MODULES = YES;
				CLANG_ENABLE_OBJC_ARC = YES;
				CLANG_WARN_BOOL_CONVERSION = YES;
				CLANG_WARN_CONSTANT_CONVERSION = YES;
				CLANG_WARN_DIRECT_OBJC_ISA_USAGE = YES_ERROR;
				CLANG_WARN_EMPTY_BODY = YES;
				CLANG_WARN_ENUM_CONVERSION = YES;
				CLANG_WARN_INT_CONVERSION = YES;
				CLANG_WARN_OBJC_ROOT_CLASS = YES_ERROR;
				CLANG_WARN__DUPLICATE_METHOD_MATCH = YES;
				"CODE_SIGN_IDENTITY[sdk=iphoneos*]" = "iPhone Developer";
				COPY_PHASE_STRIP = NO;
				GCC_C_LANGUAGE_STANDARD = gnu99;
				GCC_DYNAMIC_NO_PIC = NO;
				GCC_OPTIMIZATION_LEVEL = 0;
				GCC_PREPROCESSOR_DEFINITIONS = (
					"DEBUG=1",
					"$(inherited)",
				);
				GCC_SYMBOLS_PRIVATE_EXTERN = NO;
				GCC_WARN_64_TO_32_BIT_CONVERSION = YES;
				GCC_WARN_ABOUT_RETURN_TYPE = YES_ERROR;
				GCC_WARN_UNDECLARED_SELECTOR = YES;
				GCC_WARN_UNINITIALIZED_AUTOS = YES;
				GCC_WARN_UNUSED_FUNCTION = YES;
				GCC_WARN_UNUSED_VARIABLE = YES;
				IPHONEOS_DEPLOYMENT_TARGET = 7.0;
				ONLY_ACTIVE_ARCH = YES;
				SDKROOT = iphoneos;
			};
			name = Debug;
		};
		5C3C72D717F344A300BDA128 /* Release */ = {
			isa = XCBuildConfiguration;
			buildSettings = {
				ALWAYS_SEARCH_USER_PATHS = NO;
				ARCHS = "$(ARCHS_STANDARD_INCLUDING_64_BIT)";
				CLANG_CXX_LANGUAGE_STANDARD = "gnu++0x";
				CLANG_CXX_LIBRARY = "libc++";
				CLANG_ENABLE_MODULES = YES;
				CLANG_ENABLE_OBJC_ARC = YES;
				CLANG_WARN_BOOL_CONVERSION = YES;
				CLANG_WARN_CONSTANT_CONVERSION = YES;
				CLANG_WARN_DIRECT_OBJC_ISA_USAGE = YES_ERROR;
				CLANG_WARN_EMPTY_BODY = YES;
				CLANG_WARN_ENUM_CONVERSION = YES;
				CLANG_WARN_INT_CONVERSION = YES;
				CLANG_WARN_OBJC_ROOT_CLASS = YES_ERROR;
				CLANG_WARN__DUPLICATE_METHOD_MATCH = YES;
				"CODE_SIGN_IDENTITY[sdk=iphoneos*]" = "iPhone Developer";
				COPY_PHASE_STRIP = YES;
				ENABLE_NS_ASSERTIONS = NO;
				GCC_C_LANGUAGE_STANDARD = gnu99;
				GCC_WARN_64_TO_32_BIT_CONVERSION = YES;
				GCC_WARN_ABOUT_RETURN_TYPE = YES_ERROR;
				GCC_WARN_UNDECLARED_SELECTOR = YES;
				GCC_WARN_UNINITIALIZED_AUTOS = YES;
				GCC_WARN_UNUSED_FUNCTION = YES;
				GCC_WARN_UNUSED_VARIABLE = YES;
				IPHONEOS_DEPLOYMENT_TARGET = 7.0;
				SDKROOT = iphoneos;
				VALIDATE_PRODUCT = YES;
			};
			name = Release;
		};
		5C3C72D917F344A300BDA128 /* Debug */ = {
			isa = XCBuildConfiguration;
			buildSettings = {
				ASSETCATALOG_COMPILER_APPICON_NAME = AppIcon;
				ASSETCATALOG_COMPILER_LAUNCHIMAGE_NAME = LaunchImage;
				GCC_PRECOMPILE_PREFIX_HEADER = YES;
				GCC_PREFIX_HEADER = "StatusBarTest/StatusBarTest-Prefix.pch";
				INFOPLIST_FILE = "StatusBarTest/StatusBarTest-Info.plist";
				PRODUCT_NAME = "$(TARGET_NAME)";
				WRAPPER_EXTENSION = app;
			};
			name = Debug;
		};
		5C3C72DA17F344A300BDA128 /* Release */ = {
			isa = XCBuildConfiguration;
			buildSettings = {
				ASSETCATALOG_COMPILER_APPICON_NAME = AppIcon;
				ASSETCATALOG_COMPILER_LAUNCHIMAGE_NAME = LaunchImage;
				GCC_PRECOMPILE_PREFIX_HEADER = YES;
				GCC_PREFIX_HEADER = "StatusBarTest/StatusBarTest-Prefix.pch";
				INFOPLIST_FILE = "StatusBarTest/StatusBarTest-Info.plist";
				PRODUCT_NAME = "$(TARGET_NAME)";
				WRAPPER_EXTENSION = app;
			};
			name = Release;
		};
		5C3C72DC17F344A300BDA128 /* Debug */ = {
			isa = XCBuildConfiguration;
			buildSettings = {
				ARCHS = "$(ARCHS_STANDARD_INCLUDING_64_BIT)";
				BUNDLE_LOADER = "$(BUILT_PRODUCTS_DIR)/StatusBarTest.app/StatusBarTest";
				FRAMEWORK_SEARCH_PATHS = (
					"$(SDKROOT)/Developer/Library/Frameworks",
					"$(inherited)",
					"$(DEVELOPER_FRAMEWORKS_DIR)",
				);
				GCC_PRECOMPILE_PREFIX_HEADER = YES;
				GCC_PREFIX_HEADER = "StatusBarTest/StatusBarTest-Prefix.pch";
				GCC_PREPROCESSOR_DEFINITIONS = (
					"DEBUG=1",
					"$(inherited)",
				);
				INFOPLIST_FILE = "StatusBarTestTests/StatusBarTestTests-Info.plist";
				PRODUCT_NAME = "$(TARGET_NAME)";
				TEST_HOST = "$(BUNDLE_LOADER)";
				WRAPPER_EXTENSION = xctest;
			};
			name = Debug;
		};
		5C3C72DD17F344A300BDA128 /* Release */ = {
			isa = XCBuildConfiguration;
			buildSettings = {
				ARCHS = "$(ARCHS_STANDARD_INCLUDING_64_BIT)";
				BUNDLE_LOADER = "$(BUILT_PRODUCTS_DIR)/StatusBarTest.app/StatusBarTest";
				FRAMEWORK_SEARCH_PATHS = (
					"$(SDKROOT)/Developer/Library/Frameworks",
					"$(inherited)",
					"$(DEVELOPER_FRAMEWORKS_DIR)",
				);
				GCC_PRECOMPILE_PREFIX_HEADER = YES;
				GCC_PREFIX_HEADER = "StatusBarTest/StatusBarTest-Prefix.pch";
				INFOPLIST_FILE = "StatusBarTestTests/StatusBarTestTests-Info.plist";
				PRODUCT_NAME = "$(TARGET_NAME)";
				TEST_HOST = "$(BUNDLE_LOADER)";
				WRAPPER_EXTENSION = xctest;
			};
			name = Release;
		};
/* End XCBuildConfiguration section */

/* Begin XCConfigurationList section */
		5C3C72A717F344A300BDA128 /* Build configuration list for PBXProject "StatusBarTest" */ = {
			isa = XCConfigurationList;
			buildConfigurations = (
				5C3C72D617F344A300BDA128 /* Debug */,
				5C3C72D717F344A300BDA128 /* Release */,
			);
			defaultConfigurationIsVisible = 0;
			defaultConfigurationName = Release;
		};
		5C3C72D817F344A300BDA128 /* Build configuration list for PBXNativeTarget "StatusBarTest" */ = {
			isa = XCConfigurationList;
			buildConfigurations = (
				5C3C72D917F344A300BDA128 /* Debug */,
				5C3C72DA17F344A300BDA128 /* Release */,
			);
			defaultConfigurationIsVisible = 0;
		};
		5C3C72DB17F344A300BDA128 /* Build configuration list for PBXNativeTarget "StatusBarTestTests" */ = {
			isa = XCConfigurationList;
			buildConfigurations = (
				5C3C72DC17F344A300BDA128 /* Debug */,
				5C3C72DD17F344A300BDA128 /* Release */,
			);
			defaultConfigurationIsVisible = 0;
		};
/* End XCConfigurationList section */
	};
	rootObject = 5C3C72A417F344A300BDA128 /* Project object */;
}
